
Microsoft Visual Studio Solution File, Format Version 12.00
# Visual Studio Version 17
VisualStudioVersion = 17.4.33213.308
MinimumVisualStudioVersion = 10.0.40219.1
Project("{FAE04EC0-301F-11D3-BF4B-00C04F79EFBC}") = "Tranport Management System", "Material Design\Tranport Management System.csproj", "{2ACDE8CA-E9E6-4510-9049-5F85BD5ECE2F}"
EndProject
Global
	GlobalSection(SolutionConfigurationPlatforms) = preSolution
		Debug|Any CPU = Debug|Any CPU
		Release|Any CPU = Release|Any CPU
	EndGlobalSection
	GlobalSection(ProjectConfigurationPlatforms) = postSolution
		{2ACDE8CA-E9E6-4510-9049-5F85BD5ECE2F}.Debug|Any CPU.ActiveCfg = Debug|Any CPU
		{2ACDE8CA-E9E6-4510-9049-5F85BD5ECE2F}.Debug|Any CPU.Build.0 = Debug|Any CPU
		{2ACDE8CA-E9E6-4510-9049-5F85BD5ECE2F}.Release|Any CPU.ActiveCfg = Release|Any CPU
		{2ACDE8CA-E9E6-4510-9049-5F85BD5ECE2F}.Release|Any CPU.Build.0 = Release|Any CPU
	EndGlobalSection
	GlobalSection(SolutionProperties) = preSolution
		HideSolutionNode = FALSE
	EndGlobalSection
	GlobalSection(ExtensibilityGlobals) = postSolution
		SolutionGuid = {80A12728-2203-4FA7-B20C-755E714107BF}
	EndGlobalSection
EndGlobal
